<?xml version="1.0" encoding="utf-8"?>
<Project ToolsVersion="4.0" xmlns="http://schemas.microsoft.com/developer/msbuild/2003">
  <ItemGroup>
    <Filter Include="Source Files">
      <UniqueIdentifier>{4FC737F1-C7A5-4376-A066-2A32D752A2FF}</UniqueIdentifier>
      <Extensions>cpp;c;cc;cxx;c++;cppm;ixx;def;odl;idl;hpj;bat;asm;asmx</Extensions>
    </Filter>
    <Filter Include="Header Files">
      <UniqueIdentifier>{93995380-89BD-4b04-88EB-625FBE52EBFB}</UniqueIdentifier>
      <Extensions>h;hh;hpp;hxx;h++;hm;inl;inc;ipp;xsd</Extensions>
    </Filter>
    <Filter Include="Resource Files">
      <UniqueIdentifier>{67DA6AB6-F800-4c08-8B7A-83BB121AAD01}</UniqueIdentifier>
      <Extensions>rc;ico;cur;bmp;dlg;rc2;rct;bin;rgs;gif;jpg;jpeg;jpe;resx;tiff;tif;png;wav;mfcribbon-ms</Extensions>
    </Filter>
    <Filter Include="Tests">
      <UniqueIdentifier>{70d2fb1f-26e8-45a0-9bc6-6bba1ce3d94c}</UniqueIdentifier>
    </Filter>
    <Filter Include="Satellites">
      <UniqueIdentifier>{5efb73f3-27ee-4f8b-a9bc-485ffa73bf32}</UniqueIdentifier>
    </Filter>
    <Filter Include="Parts">
      <UniqueIdentifier>{151a3bf0-ab36-41f0-a10b-270b1ab45fb8}</UniqueIdentifier>
    </Filter>
    <Filter Include="Parts\GPSParts">
      <UniqueIdentifier>{583c5c2d-5ff3-4a33-8820-9ee25989f44b}</UniqueIdentifier>
    </Filter>
    <Filter Include="Parts\HubbleParts">
      <UniqueIdentifier>{d988320a-a0fd-4693-9046-f403395fdbf0}</UniqueIdentifier>
    </Filter>
    <Filter Include="Parts\DragonParts">
      <UniqueIdentifier>{177bf82d-572f-433f-b78f-be9509771bef}</UniqueIdentifier>
    </Filter>
    <Filter Include="Parts\StarLinkParts">
      <UniqueIdentifier>{ae845ee2-6b68-4477-bd84-ae0d81217a25}</UniqueIdentifier>
    </Filter>
  </ItemGroup>
  <ItemGroup>
    <ClCompile Include="uiDraw.cpp">
      <Filter>Source Files</Filter>
    </ClCompile>
    <ClCompile Include="uiInteract.cpp">
      <Filter>Source Files</Filter>
    </ClCompile>
    <ClCompile Include="position.cpp">
      <Filter>Source Files</Filter>
    </ClCompile>
    <ClCompile Include="velocity.cpp">
      <Filter>Source Files</Filter>
    </ClCompile>
    <ClCompile Include="angle.cpp">
      <Filter>Source Files</Filter>
    </ClCompile>
    <ClCompile Include="whole.cpp">
      <Filter>Source Files</Filter>
    </ClCompile>
    <ClCompile Include="testShip.h">
      <Filter>Tests</Filter>
    </ClCompile>
    <ClCompile Include="test.cpp">
      <Filter>Tests</Filter>
    </ClCompile>
    <ClCompile Include="projectile.cpp">
      <Filter>Source Files</Filter>
    </ClCompile>
    <ClCompile Include="fragment.cpp">
      <Filter>Source Files</Filter>
    </ClCompile>
    <ClCompile Include="Source.cpp">
      <Filter>Source Files</Filter>
    </ClCompile>
    <ClCompile Include="star.cpp">
      <Filter>Source Files</Filter>
    </ClCompile>
    <ClCompile Include="ship.cpp">
      <Filter>Satellites</Filter>
    </ClCompile>
    <ClCompile Include="satellite.cpp">
      <Filter>Satellites</Filter>
    </ClCompile>
    <ClCompile Include="sputnik.cpp">
      <Filter>Satellites</Filter>
    </ClCompile>
    <ClCompile Include="part.cpp">
      <Filter>Parts</Filter>
    </ClCompile>
    <ClCompile Include="gps.cpp">
      <Filter>Satellites</Filter>
    </ClCompile>
    <ClCompile Include="gpsLeft.cpp">
      <Filter>Parts\GPSParts</Filter>
    </ClCompile>
    <ClCompile Include="gpsCenter.cpp">
      <Filter>Parts\GPSParts</Filter>
    </ClCompile>
    <ClCompile Include="gpsRight.cpp">
      <Filter>Parts\GPSParts</Filter>
    </ClCompile>
    <ClCompile Include="hubbleTelescope.cpp">
      <Filter>Parts\HubbleParts</Filter>
    </ClCompile>
    <ClCompile Include="hubbleComputer.cpp">
      <Filter>Parts\HubbleParts</Filter>
    </ClCompile>
    <ClCompile Include="hubble.cpp">
      <Filter>Parts\HubbleParts</Filter>
    </ClCompile>
    <ClCompile Include="hubbleRight.cpp">
      <Filter>Parts\HubbleParts</Filter>
    </ClCompile>
    <ClCompile Include="hubbleLeft.cpp">
      <Filter>Parts\HubbleParts</Filter>
    </ClCompile>
    <ClCompile Include="dragon.cpp">
      <Filter>Satellites</Filter>
    </ClCompile>
    <ClCompile Include="dragonCenter.cpp">
      <Filter>Parts\DragonParts</Filter>
    </ClCompile>
    <ClCompile Include="dragonLeft.cpp">
      <Filter>Parts\DragonParts</Filter>
    </ClCompile>
    <ClCompile Include="dragonRight.cpp">
      <Filter>Parts\DragonParts</Filter>
    </ClCompile>
    <ClCompile Include="starLink.cpp">
      <Filter>Satellites</Filter>
    </ClCompile>
    <ClCompile Include="starLinkBody.cpp">
      <Filter>Parts\StarLinkParts</Filter>
    </ClCompile>
    <ClCompile Include="starLinkArray.cpp">
      <Filter>Parts\StarLinkParts</Filter>
    </ClCompile>
  </ItemGroup>
  <ItemGroup>
    <ClInclude Include="uiDraw.h">
      <Filter>Header Files</Filter>
    </ClInclude>
    <ClInclude Include="uiInteract.h">
      <Filter>Header Files</Filter>
    </ClInclude>
    <ClInclude Include="position.h">
      <Filter>Header Files</Filter>
    </ClInclude>
    <ClInclude Include="velocity.h">
      <Filter>Header Files</Filter>
    </ClInclude>
    <ClInclude Include="angle.h">
      <Filter>Header Files</Filter>
    </ClInclude>
    <ClInclude Include="whole.h">
      <Filter>Header Files</Filter>
    </ClInclude>
    <ClInclude Include="test.h">
      <Filter>Tests</Filter>
    </ClInclude>
    <ClInclude Include="testPosition.h">
      <Filter>Tests</Filter>
    </ClInclude>
    <ClInclude Include="projectile.h">
      <Filter>Header Files</Filter>
    </ClInclude>
    <ClInclude Include="testAngle.h">
      <Filter>Tests</Filter>
    </ClInclude>
    <ClInclude Include="fragment.h">
      <Filter>Header Files</Filter>
    </ClInclude>
    <ClInclude Include="star.h">
      <Filter>Header Files</Filter>
    </ClInclude>
    <ClInclude Include="ship.h">
      <Filter>Satellites</Filter>
    </ClInclude>
    <ClInclude Include="satellite.h">
      <Filter>Satellites</Filter>
    </ClInclude>
    <ClInclude Include="sputnik.h">
      <Filter>Satellites</Filter>
    </ClInclude>
    <ClInclude Include="part.h">
      <Filter>Parts</Filter>
    </ClInclude>
    <ClInclude Include="gps.h">
      <Filter>Satellites</Filter>
    </ClInclude>
    <ClInclude Include="gpsCenter.h">
      <Filter>Parts\GPSParts</Filter>
    </ClInclude>
    <ClInclude Include="gpsLeft.h">
      <Filter>Parts\GPSParts</Filter>
    </ClInclude>
    <ClInclude Include="gpsRight.h">
      <Filter>Parts\GPSParts</Filter>
    </ClInclude>
    <ClInclude Include="hubbleTelescope.h">
      <Filter>Parts\HubbleParts</Filter>
    </ClInclude>
    <ClInclude Include="hubble.h">
      <Filter>Satellites</Filter>
    </ClInclude>
    <ClInclude Include="hubbleComputer.h">
      <Filter>Parts\HubbleParts</Filter>
    </ClInclude>
    <ClInclude Include="hubbleLeft.h">
      <Filter>Parts\HubbleParts</Filter>
    </ClInclude>
    <ClInclude Include="hubbleRight.h">
      <Filter>Parts\HubbleParts</Filter>
    </ClInclude>
    <ClInclude Include="dragon.h">
      <Filter>Satellites</Filter>
    </ClInclude>
    <ClInclude Include="dragonCenter.h">
      <Filter>Parts\DragonParts</Filter>
    </ClInclude>
    <ClInclude Include="dragonLeft.h">
      <Filter>Parts\DragonParts</Filter>
    </ClInclude>
    <ClInclude Include="dragonRight.h">
      <Filter>Parts\DragonParts</Filter>
    </ClInclude>
    <ClInclude Include="starLink.h">
      <Filter>Satellites</Filter>
    </ClInclude>
    <ClInclude Include="starLinkBody.h">
      <Filter>Parts\StarLinkParts</Filter>
    </ClInclude>
    <ClInclude Include="starLinkArray.h">
      <Filter>Parts\StarLinkParts</Filter>
    </ClInclude>
  </ItemGroup>
  <ItemGroup>
    <None Include="packages.config" />
  </ItemGroup>
</Project>